
Microsoft Visual Studio Solution File, Format Version 12.00
# Visual Studio Version 17
VisualStudioVersion = 17.14.36203.30 d17.14
MinimumVisualStudioVersion = 10.0.40219.1
Project("{FAE04EC0-301F-11D3-BF4B-00C04F79EFBC}") = "MusicRoomRentProject", "MusicRoomRentProject\MusicRoomRentProject.csproj", "{7FD82B6C-B6BE-4496-B31A-8D66E04C9CB6}"
EndProject
Global
	GlobalSection(SolutionConfigurationPlatforms) = preSolution
		Debug|Any CPU = Debug|Any CPU
		Release|Any CPU = Release|Any CPU
	EndGlobalSection
	GlobalSection(ProjectConfigurationPlatforms) = postSolution
		{7FD82B6C-B6BE-4496-B31A-8D66E04C9CB6}.Debug|Any CPU.ActiveCfg = Debug|Any CPU
		{7FD82B6C-B6BE-4496-B31A-8D66E04C9CB6}.Debug|Any CPU.Build.0 = Debug|Any CPU
		{7FD82B6C-B6BE-4496-B31A-8D66E04C9CB6}.Release|Any CPU.ActiveCfg = Release|Any CPU
		{7FD82B6C-B6BE-4496-B31A-8D66E04C9CB6}.Release|Any CPU.Build.0 = Release|Any CPU
	EndGlobalSection
	GlobalSection(SolutionProperties) = preSolution
		HideSolutionNode = FALSE
	EndGlobalSection
	GlobalSection(ExtensibilityGlobals) = postSolution
		SolutionGuid = {4E9EAB13-474B-4E13-AC64-F00AACD54F68}
	EndGlobalSection
EndGlobal
